
Microsoft Visual Studio Solution File, Format Version 12.00
# Visual Studio Version 17
VisualStudioVersion = 17.4.33110.190
MinimumVisualStudioVersion = 10.0.40219.1
Project("{FAE04EC0-301F-11D3-BF4B-00C04F79EFBC}") = "ContaBancaria", "Contas Bancaria\ContaBancaria.csproj", "{7FBC2BA7-8FAE-4856-9713-3E2288969A14}"
EndProject
Project("{FAE04EC0-301F-11D3-BF4B-00C04F79EFBC}") = "APIDOJUANZIN", "API\APIDOJUANZIN.csproj", "{D0B25B94-DC97-4FB5-93C6-8320D2D2B4A3}"
EndProject
Global
	GlobalSection(SolutionConfigurationPlatforms) = preSolution
		Debug|Any CPU = Debug|Any CPU
		Release|Any CPU = Release|Any CPU
	EndGlobalSection
	GlobalSection(ProjectConfigurationPlatforms) = postSolution
		{7FBC2BA7-8FAE-4856-9713-3E2288969A14}.Debug|Any CPU.ActiveCfg = Debug|Any CPU
		{7FBC2BA7-8FAE-4856-9713-3E2288969A14}.Debug|Any CPU.Build.0 = Debug|Any CPU
		{7FBC2BA7-8FAE-4856-9713-3E2288969A14}.Release|Any CPU.ActiveCfg = Release|Any CPU
		{7FBC2BA7-8FAE-4856-9713-3E2288969A14}.Release|Any CPU.Build.0 = Release|Any CPU
		{D0B25B94-DC97-4FB5-93C6-8320D2D2B4A3}.Debug|Any CPU.ActiveCfg = Debug|Any CPU
		{D0B25B94-DC97-4FB5-93C6-8320D2D2B4A3}.Debug|Any CPU.Build.0 = Debug|Any CPU
		{D0B25B94-DC97-4FB5-93C6-8320D2D2B4A3}.Release|Any CPU.ActiveCfg = Release|Any CPU
		{D0B25B94-DC97-4FB5-93C6-8320D2D2B4A3}.Release|Any CPU.Build.0 = Release|Any CPU
	EndGlobalSection
	GlobalSection(SolutionProperties) = preSolution
		HideSolutionNode = FALSE
	EndGlobalSection
	GlobalSection(ExtensibilityGlobals) = postSolution
		SolutionGuid = {A93EC5BA-8821-4747-9EA4-B5569432F35D}
	EndGlobalSection
EndGlobal
